
Microsoft Visual Studio Solution File, Format Version 12.00
# Visual Studio Version 17
VisualStudioVersion = 17.8.34322.80
MinimumVisualStudioVersion = 10.0.40219.1
Project("{FAE04EC0-301F-11D3-BF4B-00C04F79EFBC}") = "JwtAuthAspnetApp", "JwtAuthAspnetApp\JwtAuthAspnetApp.csproj", "{FB654CD6-56A4-4105-A8A4-792F14AE378B}"
EndProject
Global
	GlobalSection(SolutionConfigurationPlatforms) = preSolution
		Debug|Any CPU = Debug|Any CPU
		Release|Any CPU = Release|Any CPU
	EndGlobalSection
	GlobalSection(ProjectConfigurationPlatforms) = postSolution
		{FB654CD6-56A4-4105-A8A4-792F14AE378B}.Debug|Any CPU.ActiveCfg = Debug|Any CPU
		{FB654CD6-56A4-4105-A8A4-792F14AE378B}.Debug|Any CPU.Build.0 = Debug|Any CPU
		{FB654CD6-56A4-4105-A8A4-792F14AE378B}.Release|Any CPU.ActiveCfg = Release|Any CPU
		{FB654CD6-56A4-4105-A8A4-792F14AE378B}.Release|Any CPU.Build.0 = Release|Any CPU
	EndGlobalSection
	GlobalSection(SolutionProperties) = preSolution
		HideSolutionNode = FALSE
	EndGlobalSection
	GlobalSection(ExtensibilityGlobals) = postSolution
		SolutionGuid = {713EDA8E-27BD-4808-B8B2-EB2A0C790BC8}
	EndGlobalSection
EndGlobal
